
Microsoft Visual Studio Solution File, Format Version 12.00
# Visual Studio 15
VisualStudioVersion = 15.0.27130.2010
MinimumVisualStudioVersion = 10.0.40219.1
Project("{FAE04EC0-301F-11D3-BF4B-00C04F79EFBC}") = "QueryCS", "QueryCS.csproj", "{21EC47E6-4790-4DB0-9175-0F52467272E0}"
EndProject
Global
	GlobalSection(SolutionConfigurationPlatforms) = preSolution
		Debug|Any CPU = Debug|Any CPU
		Release|Any CPU = Release|Any CPU
	EndGlobalSection
	GlobalSection(ProjectConfigurationPlatforms) = postSolution
		{21EC47E6-4790-4DB0-9175-0F52467272E0}.Debug|Any CPU.ActiveCfg = Debug|Any CPU
		{21EC47E6-4790-4DB0-9175-0F52467272E0}.Debug|Any CPU.Build.0 = Debug|Any CPU
		{21EC47E6-4790-4DB0-9175-0F52467272E0}.Release|Any CPU.ActiveCfg = Release|Any CPU
		{21EC47E6-4790-4DB0-9175-0F52467272E0}.Release|Any CPU.Build.0 = Release|Any CPU
	EndGlobalSection
	GlobalSection(SolutionProperties) = preSolution
		HideSolutionNode = FALSE
	EndGlobalSection
	GlobalSection(ExtensibilityGlobals) = postSolution
		SolutionGuid = {078941A2-F6C6-4175-9C67-AF2C25E1B176}
	EndGlobalSection
EndGlobal
