
Microsoft Visual Studio Solution File, Format Version 12.00
# Visual Studio 15
VisualStudioVersion = 15.0.27130.2010
MinimumVisualStudioVersion = 10.0.40219.1
Project("{FAE04EC0-301F-11D3-BF4B-00C04F79EFBC}") = "TextWebService", "TextWebService\TextWebService.csproj", "{69A941B9-51F0-48C7-B610-2724D897219E}"
EndProject
Project("{FAE04EC0-301F-11D3-BF4B-00C04F79EFBC}") = "WebApplication5", "WebApplication5\WebApplication5.csproj", "{4DE68234-660D-40B6-B950-824191B33ADD}"
	ProjectSection(ProjectDependencies) = postProject
		{69A941B9-51F0-48C7-B610-2724D897219E} = {69A941B9-51F0-48C7-B610-2724D897219E}
	EndProjectSection
EndProject
Global
	GlobalSection(SolutionConfigurationPlatforms) = preSolution
		Debug|Any CPU = Debug|Any CPU
		Release|Any CPU = Release|Any CPU
	EndGlobalSection
	GlobalSection(ProjectConfigurationPlatforms) = postSolution
		{69A941B9-51F0-48C7-B610-2724D897219E}.Debug|Any CPU.ActiveCfg = Debug|Any CPU
		{69A941B9-51F0-48C7-B610-2724D897219E}.Debug|Any CPU.Build.0 = Debug|Any CPU
		{69A941B9-51F0-48C7-B610-2724D897219E}.Release|Any CPU.ActiveCfg = Release|Any CPU
		{69A941B9-51F0-48C7-B610-2724D897219E}.Release|Any CPU.Build.0 = Release|Any CPU
		{4DE68234-660D-40B6-B950-824191B33ADD}.Debug|Any CPU.ActiveCfg = Debug|Any CPU
		{4DE68234-660D-40B6-B950-824191B33ADD}.Debug|Any CPU.Build.0 = Debug|Any CPU
		{4DE68234-660D-40B6-B950-824191B33ADD}.Release|Any CPU.ActiveCfg = Release|Any CPU
		{4DE68234-660D-40B6-B950-824191B33ADD}.Release|Any CPU.Build.0 = Release|Any CPU
	EndGlobalSection
	GlobalSection(SolutionProperties) = preSolution
		HideSolutionNode = FALSE
	EndGlobalSection
	GlobalSection(ExtensibilityGlobals) = postSolution
		SolutionGuid = {E3D48AED-C2A1-4361-885B-B9160058DD90}
	EndGlobalSection
EndGlobal
