
Microsoft Visual Studio Solution File, Format Version 12.00
# Visual Studio 15
VisualStudioVersion = 15.0.27130.2010
MinimumVisualStudioVersion = 10.0.40219.1
Project("{FAE04EC0-301F-11D3-BF4B-00C04F79EFBC}") = "TextWebServiceClient", "TextWebServiceClient\TextWebServiceClient.csproj", "{515D984F-AEDB-4590-ACC5-5A04A6BCA80E}"
EndProject
Global
	GlobalSection(SolutionConfigurationPlatforms) = preSolution
		Debug|Any CPU = Debug|Any CPU
		Release|Any CPU = Release|Any CPU
	EndGlobalSection
	GlobalSection(ProjectConfigurationPlatforms) = postSolution
		{515D984F-AEDB-4590-ACC5-5A04A6BCA80E}.Debug|Any CPU.ActiveCfg = Debug|Any CPU
		{515D984F-AEDB-4590-ACC5-5A04A6BCA80E}.Debug|Any CPU.Build.0 = Debug|Any CPU
		{515D984F-AEDB-4590-ACC5-5A04A6BCA80E}.Release|Any CPU.ActiveCfg = Release|Any CPU
		{515D984F-AEDB-4590-ACC5-5A04A6BCA80E}.Release|Any CPU.Build.0 = Release|Any CPU
	EndGlobalSection
	GlobalSection(SolutionProperties) = preSolution
		HideSolutionNode = FALSE
	EndGlobalSection
	GlobalSection(ExtensibilityGlobals) = postSolution
		SolutionGuid = {5574E86A-B2C0-46C5-A824-1746A617F9F5}
	EndGlobalSection
EndGlobal
