
Microsoft Visual Studio Solution File, Format Version 12.00
# Visual Studio 15
VisualStudioVersion = 15.0.27130.2010
MinimumVisualStudioVersion = 10.0.40219.1
Project("{FAE04EC0-301F-11D3-BF4B-00C04F79EFBC}") = "WebService", "WebService\WebService.csproj", "{6BA984B9-795C-454F-81FF-8CED54652FE8}"
EndProject
Global
	GlobalSection(SolutionConfigurationPlatforms) = preSolution
		Debug|Any CPU = Debug|Any CPU
		Release|Any CPU = Release|Any CPU
	EndGlobalSection
	GlobalSection(ProjectConfigurationPlatforms) = postSolution
		{6BA984B9-795C-454F-81FF-8CED54652FE8}.Debug|Any CPU.ActiveCfg = Debug|Any CPU
		{6BA984B9-795C-454F-81FF-8CED54652FE8}.Debug|Any CPU.Build.0 = Debug|Any CPU
		{6BA984B9-795C-454F-81FF-8CED54652FE8}.Release|Any CPU.ActiveCfg = Release|Any CPU
		{6BA984B9-795C-454F-81FF-8CED54652FE8}.Release|Any CPU.Build.0 = Release|Any CPU
	EndGlobalSection
	GlobalSection(SolutionProperties) = preSolution
		HideSolutionNode = FALSE
	EndGlobalSection
	GlobalSection(ExtensibilityGlobals) = postSolution
		SolutionGuid = {627113A6-4332-474C-A741-01AB3D65C957}
	EndGlobalSection
EndGlobal
