
Microsoft Visual Studio Solution File, Format Version 12.00
# Visual Studio 15
VisualStudioVersion = 15.0.27130.2010
MinimumVisualStudioVersion = 10.0.40219.1
Project("{FAE04EC0-301F-11D3-BF4B-00C04F79EFBC}") = "FleetSim.Console", "FleetSim.Console.csproj", "{FC2A1D79-B310-4625-B89C-534D1A57E19F}"
EndProject
Global
	GlobalSection(SolutionConfigurationPlatforms) = preSolution
		Debug|Any CPU = Debug|Any CPU
		Release|Any CPU = Release|Any CPU
	EndGlobalSection
	GlobalSection(ProjectConfigurationPlatforms) = postSolution
		{FC2A1D79-B310-4625-B89C-534D1A57E19F}.Debug|Any CPU.ActiveCfg = Debug|Any CPU
		{FC2A1D79-B310-4625-B89C-534D1A57E19F}.Debug|Any CPU.Build.0 = Debug|Any CPU
		{FC2A1D79-B310-4625-B89C-534D1A57E19F}.Release|Any CPU.ActiveCfg = Release|Any CPU
		{FC2A1D79-B310-4625-B89C-534D1A57E19F}.Release|Any CPU.Build.0 = Release|Any CPU
	EndGlobalSection
	GlobalSection(SolutionProperties) = preSolution
		HideSolutionNode = FALSE
	EndGlobalSection
	GlobalSection(ExtensibilityGlobals) = postSolution
		SolutionGuid = {223232A9-1A69-4F03-9E4C-2EC259D25854}
	EndGlobalSection
EndGlobal
