
Microsoft Visual Studio Solution File, Format Version 12.00
# Visual Studio 15
VisualStudioVersion = 15.0.27130.2010
MinimumVisualStudioVersion = 10.0.40219.1
Project("{FAE04EC0-301F-11D3-BF4B-00C04F79EFBC}") = "ColelgeDBF2", "ColelgeDBF2.csproj", "{84DBE913-E2D9-4813-86EE-ADB7DC24D925}"
EndProject
Global
	GlobalSection(SolutionConfigurationPlatforms) = preSolution
		Debug|Any CPU = Debug|Any CPU
		Release|Any CPU = Release|Any CPU
	EndGlobalSection
	GlobalSection(ProjectConfigurationPlatforms) = postSolution
		{84DBE913-E2D9-4813-86EE-ADB7DC24D925}.Debug|Any CPU.ActiveCfg = Debug|Any CPU
		{84DBE913-E2D9-4813-86EE-ADB7DC24D925}.Debug|Any CPU.Build.0 = Debug|Any CPU
		{84DBE913-E2D9-4813-86EE-ADB7DC24D925}.Release|Any CPU.ActiveCfg = Release|Any CPU
		{84DBE913-E2D9-4813-86EE-ADB7DC24D925}.Release|Any CPU.Build.0 = Release|Any CPU
	EndGlobalSection
	GlobalSection(SolutionProperties) = preSolution
		HideSolutionNode = FALSE
	EndGlobalSection
	GlobalSection(ExtensibilityGlobals) = postSolution
		SolutionGuid = {EC3D19D6-81C2-4596-ACBA-B58BA8FD8DA1}
	EndGlobalSection
EndGlobal
