
Microsoft Visual Studio Solution File, Format Version 12.00
# Visual Studio 15
VisualStudioVersion = 15.0.27130.2010
MinimumVisualStudioVersion = 10.0.40219.1
Project("{FAE04EC0-301F-11D3-BF4B-00C04F79EFBC}") = "CollegeDBF", "CollegeDBF.csproj", "{00C12F4A-4912-480F-8514-3398E216B30F}"
EndProject
Global
	GlobalSection(SolutionConfigurationPlatforms) = preSolution
		Debug|Any CPU = Debug|Any CPU
		Release|Any CPU = Release|Any CPU
	EndGlobalSection
	GlobalSection(ProjectConfigurationPlatforms) = postSolution
		{00C12F4A-4912-480F-8514-3398E216B30F}.Debug|Any CPU.ActiveCfg = Debug|Any CPU
		{00C12F4A-4912-480F-8514-3398E216B30F}.Debug|Any CPU.Build.0 = Debug|Any CPU
		{00C12F4A-4912-480F-8514-3398E216B30F}.Release|Any CPU.ActiveCfg = Release|Any CPU
		{00C12F4A-4912-480F-8514-3398E216B30F}.Release|Any CPU.Build.0 = Release|Any CPU
	EndGlobalSection
	GlobalSection(SolutionProperties) = preSolution
		HideSolutionNode = FALSE
	EndGlobalSection
	GlobalSection(ExtensibilityGlobals) = postSolution
		SolutionGuid = {DF958E10-7204-4BE9-867C-746C0EA4B6D7}
	EndGlobalSection
EndGlobal
